<?xml version="1.0" encoding="utf-8"?>
<Project ToolsVersion="4.0" xmlns="http://schemas.microsoft.com/developer/msbuild/2003">
  <ItemGroup>
    <Filter Include="Source Files">
      <UniqueIdentifier>{4FC737F1-C7A5-4376-A066-2A32D752A2FF}</UniqueIdentifier>
      <Extensions>cpp;c;cc;cxx;def;odl;idl;hpj;bat;asm;asmx</Extensions>
    </Filter>
    <Filter Include="Header Files">
      <UniqueIdentifier>{93995380-89BD-4b04-88EB-625FBE52EBFB}</UniqueIdentifier>
      <Extensions>h;hh;hpp;hxx;hm;inl;inc;xsd</Extensions>
    </Filter>
    <Filter Include="Resource Files">
      <UniqueIdentifier>{67DA6AB6-F800-4c08-8B7A-83BB121AAD01}</UniqueIdentifier>
      <Extensions>rc;ico;cur;bmp;dlg;rc2;rct;bin;rgs;gif;jpg;jpeg;jpe;resx;tiff;tif;png;wav</Extensions>
    </Filter>
  </ItemGroup>
  <ItemGroup>
    <ClCompile Include="cppsrc\BFEUCPtSolver.cpp">
      <Filter>Source Files</Filter>
    </ClCompile>
    <ClCompile Include="cppsrc\BFSBSolver.cpp">
      <Filter>Source Files</Filter>
    </ClCompile>
    <ClCompile Include="cppsrc\BKDTGridSBSolver.cpp">
      <Filter>Source Files</Filter>
    </ClCompile>
    <ClCompile Include="cppsrc\BKDTSBSolver.cpp">
      <Filter>Source Files</Filter>
    </ClCompile>
    <ClCompile Include="cppsrc\GridSBSolver.cpp">
      <Filter>Source Files</Filter>
    </ClCompile>
    <ClCompile Include="cppsrc\KDTSBSolver.cpp">
      <Filter>Source Files</Filter>
    </ClCompile>
    <ClCompile Include="cppsrc\main.cpp">
      <Filter>Source Files</Filter>
    </ClCompile>
    <ClCompile Include="cppsrc\UniCellBKDTGridSBSolver.cpp">
      <Filter>Source Files</Filter>
    </ClCompile>
    <ClCompile Include="cppsrc\UniLatLngBKDTGridSBSolver.cpp">
      <Filter>Source Files</Filter>
    </ClCompile>
    <ClCompile Include="cppsrc\UnionUniCellBKDTGridSBSolver.cpp">
      <Filter>Source Files</Filter>
    </ClCompile>
    <ClCompile Include="cppsrc\UnionUniLatLngBKDTGridSBSolver.cpp">
      <Filter>Source Files</Filter>
    </ClCompile>
  </ItemGroup>
  <ItemGroup>
    <ClInclude Include="cppsrc\BFEUCPtSolver.hpp">
      <Filter>Header Files</Filter>
    </ClInclude>
    <ClInclude Include="cppsrc\BFSBSolver.hpp">
      <Filter>Header Files</Filter>
    </ClInclude>
    <ClInclude Include="cppsrc\BKDTGridSBSolver.hpp">
      <Filter>Header Files</Filter>
    </ClInclude>
    <ClInclude Include="cppsrc\BKDTSBSolver.hpp">
      <Filter>Header Files</Filter>
    </ClInclude>
    <ClInclude Include="cppsrc\BoundedPQueue.hpp">
      <Filter>Header Files</Filter>
    </ClInclude>
    <ClInclude Include="cppsrc\Definition.hpp">
      <Filter>Header Files</Filter>
    </ClInclude>
    <ClInclude Include="cppsrc\GridSBSolver.hpp">
      <Filter>Header Files</Filter>
    </ClInclude>
    <ClInclude Include="cppsrc\KDTree.hpp">
      <Filter>Header Files</Filter>
    </ClInclude>
    <ClInclude Include="cppsrc\KDTreeCusMem.hpp">
      <Filter>Header Files</Filter>
    </ClInclude>
    <ClInclude Include="cppsrc\KDTreeExpandLongest.hpp">
      <Filter>Header Files</Filter>
    </ClInclude>
    <ClInclude Include="cppsrc\KDTreeExpandLongestVec.hpp">
      <Filter>Header Files</Filter>
    </ClInclude>
    <ClInclude Include="cppsrc\KDTSBSolver.hpp">
      <Filter>Header Files</Filter>
    </ClInclude>
    <ClInclude Include="cppsrc\Point.hpp">
      <Filter>Header Files</Filter>
    </ClInclude>
    <ClInclude Include="cppsrc\PoolAllocator.hpp">
      <Filter>Header Files</Filter>
    </ClInclude>
    <ClInclude Include="cppsrc\SBLoc.hpp">
      <Filter>Header Files</Filter>
    </ClInclude>
    <ClInclude Include="cppsrc\SBSolver.hpp">
      <Filter>Header Files</Filter>
    </ClInclude>
    <ClInclude Include="cppsrc\UniCellBKDTGridSBSolver.hpp">
      <Filter>Header Files</Filter>
    </ClInclude>
    <ClInclude Include="cppsrc\UniLatLngBKDTGridSBSolver.hpp">
      <Filter>Header Files</Filter>
    </ClInclude>
    <ClInclude Include="cppsrc\UnionUniCellBKDTGridSBSolver.hpp">
      <Filter>Header Files</Filter>
    </ClInclude>
    <ClInclude Include="cppsrc\UnionUniLatLngBKDTGridSBSolver.hpp">
      <Filter>Header Files</Filter>
    </ClInclude>
    <ClInclude Include="cppsrc\Utility.hpp">
      <Filter>Header Files</Filter>
    </ClInclude>
  </ItemGroup>
</Project>