// !$*UTF8*$!
{
	archiveVersion = 1;
	classes = {
	};
	objectVersion = 46;
	objects = {

/* Begin PBXBuildFile section */
		01183DA421EEE5240002C03A /* BFEUCPtSolver.cpp in Sources */ = {isa = PBXBuildFile; fileRef = 01183DA221EEE5240002C03A /* BFEUCPtSolver.cpp */; };
		011CF6BA21D711EE0052024D /* UniLatLngBKDTGridSBSolver.cpp in Sources */ = {isa = PBXBuildFile; fileRef = 011CF6B821D711EE0052024D /* UniLatLngBKDTGridSBSolver.cpp */; };
		011CF6C021D91E070052024D /* UniCellBKDTGridSBSolver.cpp in Sources */ = {isa = PBXBuildFile; fileRef = 011CF6BE21D91E070052024D /* UniCellBKDTGridSBSolver.cpp */; };
		013D9B69221C4AB90001A4C7 /* UnionUniLatLngBKDTGridSBSolver.cpp in Sources */ = {isa = PBXBuildFile; fileRef = 013D9B67221C4AB90001A4C7 /* UnionUniLatLngBKDTGridSBSolver.cpp */; };
		013D9B6C221D478B0001A4C7 /* UnionUniCellBKDTGridSBSolver.cpp in Sources */ = {isa = PBXBuildFile; fileRef = 013D9B6A221D478B0001A4C7 /* UnionUniCellBKDTGridSBSolver.cpp */; };
		82210E9E2681B555003488A7 /* libabsl_random_seed_gen_exception.2103.0.1.dylib in Frameworks */ = {isa = PBXBuildFile; fileRef = 82210E932681B555003488A7 /* libabsl_random_seed_gen_exception.2103.0.1.dylib */; };
		82210E9F2681B555003488A7 /* libabsl_random_internal_randen_hwaes.2103.0.1.dylib in Frameworks */ = {isa = PBXBuildFile; fileRef = 82210E942681B555003488A7 /* libabsl_random_internal_randen_hwaes.2103.0.1.dylib */; };
		82210EA02681B555003488A7 /* libabsl_random_internal_seed_material.2103.0.1.dylib in Frameworks */ = {isa = PBXBuildFile; fileRef = 82210E952681B555003488A7 /* libabsl_random_internal_seed_material.2103.0.1.dylib */; };
		82210EA12681B555003488A7 /* libabsl_random_internal_platform.2103.0.1.dylib in Frameworks */ = {isa = PBXBuildFile; fileRef = 82210E962681B555003488A7 /* libabsl_random_internal_platform.2103.0.1.dylib */; };
		82210EA22681B555003488A7 /* libabsl_random_internal_randen_hwaes_impl.2103.0.1.dylib in Frameworks */ = {isa = PBXBuildFile; fileRef = 82210E972681B555003488A7 /* libabsl_random_internal_randen_hwaes_impl.2103.0.1.dylib */; };
		82210EA32681B555003488A7 /* libabsl_random_internal_pool_urbg.2103.0.1.dylib in Frameworks */ = {isa = PBXBuildFile; fileRef = 82210E982681B555003488A7 /* libabsl_random_internal_pool_urbg.2103.0.1.dylib */; };
		82210EA42681B555003488A7 /* libabsl_random_internal_randen_slow.2103.0.1.dylib in Frameworks */ = {isa = PBXBuildFile; fileRef = 82210E992681B555003488A7 /* libabsl_random_internal_randen_slow.2103.0.1.dylib */; };
		82210EA52681B555003488A7 /* libabsl_random_internal_randen.2103.0.1.dylib in Frameworks */ = {isa = PBXBuildFile; fileRef = 82210E9A2681B555003488A7 /* libabsl_random_internal_randen.2103.0.1.dylib */; };
		82210EA62681B555003488A7 /* libabsl_random_internal_distribution_test_util.2103.0.1.dylib in Frameworks */ = {isa = PBXBuildFile; fileRef = 82210E9B2681B555003488A7 /* libabsl_random_internal_distribution_test_util.2103.0.1.dylib */; };
		82210EA72681B555003488A7 /* libabsl_random_distributions.2103.0.1.dylib in Frameworks */ = {isa = PBXBuildFile; fileRef = 82210E9C2681B555003488A7 /* libabsl_random_distributions.2103.0.1.dylib */; };
		82210EA82681B555003488A7 /* libabsl_random_seed_sequences.2103.0.1.dylib in Frameworks */ = {isa = PBXBuildFile; fileRef = 82210E9D2681B555003488A7 /* libabsl_random_seed_sequences.2103.0.1.dylib */; };
		823641441E00C98B007AE0FD /* GridSBSolver.cpp in Sources */ = {isa = PBXBuildFile; fileRef = 823641421E00C98B007AE0FD /* GridSBSolver.cpp */; };
		82405F2D1E0C7FDD00028713 /* BKDTGridSBSolver.cpp in Sources */ = {isa = PBXBuildFile; fileRef = 82405F2B1E0C7FDD00028713 /* BKDTGridSBSolver.cpp */; };
		825CD4D1265516FE0069BBD1 /* libomp.dylib in Frameworks */ = {isa = PBXBuildFile; fileRef = 825CD4D0265516FE0069BBD1 /* libomp.dylib */; };
		82717C7D26537BEF00D90DE7 /* libtbb.12.2.dylib in Frameworks */ = {isa = PBXBuildFile; fileRef = 82717C7B26537A5300D90DE7 /* libtbb.12.2.dylib */; };
		82A66E341E003B0800D5FAFD /* BFSBSolver.cpp in Sources */ = {isa = PBXBuildFile; fileRef = 82A66E291E003B0800D5FAFD /* BFSBSolver.cpp */; };
		82A66E351E003B0800D5FAFD /* BKDTSBSolver.cpp in Sources */ = {isa = PBXBuildFile; fileRef = 82A66E2B1E003B0800D5FAFD /* BKDTSBSolver.cpp */; };
		82A66E361E003B0800D5FAFD /* KDTSBSolver.cpp in Sources */ = {isa = PBXBuildFile; fileRef = 82A66E2F1E003B0800D5FAFD /* KDTSBSolver.cpp */; };
		82A66E371E003B0800D5FAFD /* main.cpp in Sources */ = {isa = PBXBuildFile; fileRef = 82A66E311E003B0800D5FAFD /* main.cpp */; };
/* End PBXBuildFile section */

/* Begin PBXCopyFilesBuildPhase section */
		82717C7F26537C5300D90DE7 /* Embed Libraries */ = {
			isa = PBXCopyFilesBuildPhase;
			buildActionMask = 2147483647;
			dstPath = "";
			dstSubfolderSpec = 10;
			files = (
			);
			name = "Embed Libraries";
			runOnlyForDeploymentPostprocessing = 0;
		};
		82A66E1C1E00382500D5FAFD /* CopyFiles */ = {
			isa = PBXCopyFilesBuildPhase;
			buildActionMask = 2147483647;
			dstPath = /usr/share/man/man1/;
			dstSubfolderSpec = 0;
			files = (
			);
			runOnlyForDeploymentPostprocessing = 1;
		};
/* End PBXCopyFilesBuildPhase section */

/* Begin PBXFileReference section */
		01183DA221EEE5240002C03A /* BFEUCPtSolver.cpp */ = {isa = PBXFileReference; lastKnownFileType = sourcecode.cpp.cpp; path = BFEUCPtSolver.cpp; sourceTree = "<group>"; };
		01183DA321EEE5240002C03A /* BFEUCPtSolver.hpp */ = {isa = PBXFileReference; lastKnownFileType = sourcecode.cpp.h; path = BFEUCPtSolver.hpp; sourceTree = "<group>"; };
		011BE34121F1B09400C44DDE /* KDTreeExpandLongest.hpp */ = {isa = PBXFileReference; lastKnownFileType = sourcecode.cpp.h; path = KDTreeExpandLongest.hpp; sourceTree = "<group>"; };
		011CF6B821D711EE0052024D /* UniLatLngBKDTGridSBSolver.cpp */ = {isa = PBXFileReference; lastKnownFileType = sourcecode.cpp.cpp; path = UniLatLngBKDTGridSBSolver.cpp; sourceTree = "<group>"; };
		011CF6B921D711EE0052024D /* UniLatLngBKDTGridSBSolver.hpp */ = {isa = PBXFileReference; lastKnownFileType = sourcecode.cpp.h; path = UniLatLngBKDTGridSBSolver.hpp; sourceTree = "<group>"; };
		011CF6BE21D91E070052024D /* UniCellBKDTGridSBSolver.cpp */ = {isa = PBXFileReference; lastKnownFileType = sourcecode.cpp.cpp; path = UniCellBKDTGridSBSolver.cpp; sourceTree = "<group>"; };
		011CF6BF21D91E070052024D /* UniCellBKDTGridSBSolver.hpp */ = {isa = PBXFileReference; lastKnownFileType = sourcecode.cpp.h; path = UniCellBKDTGridSBSolver.hpp; sourceTree = "<group>"; };
		0131C9882213136D00F073C9 /* KDTreeExpandLongestVec.hpp */ = {isa = PBXFileReference; lastKnownFileType = sourcecode.cpp.h; path = KDTreeExpandLongestVec.hpp; sourceTree = "<group>"; };
		013D9B67221C4AB90001A4C7 /* UnionUniLatLngBKDTGridSBSolver.cpp */ = {isa = PBXFileReference; lastKnownFileType = sourcecode.cpp.cpp; path = UnionUniLatLngBKDTGridSBSolver.cpp; sourceTree = "<group>"; };
		013D9B68221C4AB90001A4C7 /* UnionUniLatLngBKDTGridSBSolver.hpp */ = {isa = PBXFileReference; lastKnownFileType = sourcecode.cpp.h; path = UnionUniLatLngBKDTGridSBSolver.hpp; sourceTree = "<group>"; };
		013D9B6A221D478B0001A4C7 /* UnionUniCellBKDTGridSBSolver.cpp */ = {isa = PBXFileReference; lastKnownFileType = sourcecode.cpp.cpp; path = UnionUniCellBKDTGridSBSolver.cpp; sourceTree = "<group>"; };
		013D9B6B221D478B0001A4C7 /* UnionUniCellBKDTGridSBSolver.hpp */ = {isa = PBXFileReference; lastKnownFileType = sourcecode.cpp.h; path = UnionUniCellBKDTGridSBSolver.hpp; sourceTree = "<group>"; };
		014C5C3E222958A4002406C4 /* Utility.hpp */ = {isa = PBXFileReference; lastKnownFileType = sourcecode.cpp.h; path = Utility.hpp; sourceTree = "<group>"; };
		016197E921E8F94C009F8E48 /* PoolAllocator.hpp */ = {isa = PBXFileReference; lastKnownFileType = sourcecode.cpp.h; path = PoolAllocator.hpp; sourceTree = "<group>"; };
		01A424D721E9852700F43C03 /* KDTreeCusMem.hpp */ = {isa = PBXFileReference; lastKnownFileType = sourcecode.cpp.h; path = KDTreeCusMem.hpp; sourceTree = "<group>"; };
		8200D42B265CD1E2001A60C5 /* Definition.hpp */ = {isa = PBXFileReference; lastKnownFileType = sourcecode.cpp.h; path = Definition.hpp; sourceTree = "<group>"; };
		82210E932681B555003488A7 /* libabsl_random_seed_gen_exception.2103.0.1.dylib */ = {isa = PBXFileReference; lastKnownFileType = "compiled.mach-o.dylib"; name = libabsl_random_seed_gen_exception.2103.0.1.dylib; path = ../../../../../usr/local/Cellar/abseil/20210324.2/lib/libabsl_random_seed_gen_exception.2103.0.1.dylib; sourceTree = "<group>"; };
		82210E942681B555003488A7 /* libabsl_random_internal_randen_hwaes.2103.0.1.dylib */ = {isa = PBXFileReference; lastKnownFileType = "compiled.mach-o.dylib"; name = libabsl_random_internal_randen_hwaes.2103.0.1.dylib; path = ../../../../../usr/local/Cellar/abseil/20210324.2/lib/libabsl_random_internal_randen_hwaes.2103.0.1.dylib; sourceTree = "<group>"; };
		82210E952681B555003488A7 /* libabsl_random_internal_seed_material.2103.0.1.dylib */ = {isa = PBXFileReference; lastKnownFileType = "compiled.mach-o.dylib"; name = libabsl_random_internal_seed_material.2103.0.1.dylib; path = ../../../../../usr/local/Cellar/abseil/20210324.2/lib/libabsl_random_internal_seed_material.2103.0.1.dylib; sourceTree = "<group>"; };
		82210E962681B555003488A7 /* libabsl_random_internal_platform.2103.0.1.dylib */ = {isa = PBXFileReference; lastKnownFileType = "compiled.mach-o.dylib"; name = libabsl_random_internal_platform.2103.0.1.dylib; path = ../../../../../usr/local/Cellar/abseil/20210324.2/lib/libabsl_random_internal_platform.2103.0.1.dylib; sourceTree = "<group>"; };
		82210E972681B555003488A7 /* libabsl_random_internal_randen_hwaes_impl.2103.0.1.dylib */ = {isa = PBXFileReference; lastKnownFileType = "compiled.mach-o.dylib"; name = libabsl_random_internal_randen_hwaes_impl.2103.0.1.dylib; path = ../../../../../usr/local/Cellar/abseil/20210324.2/lib/libabsl_random_internal_randen_hwaes_impl.2103.0.1.dylib; sourceTree = "<group>"; };
		82210E982681B555003488A7 /* libabsl_random_internal_pool_urbg.2103.0.1.dylib */ = {isa = PBXFileReference; lastKnownFileType = "compiled.mach-o.dylib"; name = libabsl_random_internal_pool_urbg.2103.0.1.dylib; path = ../../../../../usr/local/Cellar/abseil/20210324.2/lib/libabsl_random_internal_pool_urbg.2103.0.1.dylib; sourceTree = "<group>"; };
		82210E992681B555003488A7 /* libabsl_random_internal_randen_slow.2103.0.1.dylib */ = {isa = PBXFileReference; lastKnownFileType = "compiled.mach-o.dylib"; name = libabsl_random_internal_randen_slow.2103.0.1.dylib; path = ../../../../../usr/local/Cellar/abseil/20210324.2/lib/libabsl_random_internal_randen_slow.2103.0.1.dylib; sourceTree = "<group>"; };
		82210E9A2681B555003488A7 /* libabsl_random_internal_randen.2103.0.1.dylib */ = {isa = PBXFileReference; lastKnownFileType = "compiled.mach-o.dylib"; name = libabsl_random_internal_randen.2103.0.1.dylib; path = ../../../../../usr/local/Cellar/abseil/20210324.2/lib/libabsl_random_internal_randen.2103.0.1.dylib; sourceTree = "<group>"; };
		82210E9B2681B555003488A7 /* libabsl_random_internal_distribution_test_util.2103.0.1.dylib */ = {isa = PBXFileReference; lastKnownFileType = "compiled.mach-o.dylib"; name = libabsl_random_internal_distribution_test_util.2103.0.1.dylib; path = ../../../../../usr/local/Cellar/abseil/20210324.2/lib/libabsl_random_internal_distribution_test_util.2103.0.1.dylib; sourceTree = "<group>"; };
		82210E9C2681B555003488A7 /* libabsl_random_distributions.2103.0.1.dylib */ = {isa = PBXFileReference; lastKnownFileType = "compiled.mach-o.dylib"; name = libabsl_random_distributions.2103.0.1.dylib; path = ../../../../../usr/local/Cellar/abseil/20210324.2/lib/libabsl_random_distributions.2103.0.1.dylib; sourceTree = "<group>"; };
		82210E9D2681B555003488A7 /* libabsl_random_seed_sequences.2103.0.1.dylib */ = {isa = PBXFileReference; lastKnownFileType = "compiled.mach-o.dylib"; name = libabsl_random_seed_sequences.2103.0.1.dylib; path = ../../../../../usr/local/Cellar/abseil/20210324.2/lib/libabsl_random_seed_sequences.2103.0.1.dylib; sourceTree = "<group>"; };
		8223DF2F267207C70029B47E /* 274F16NearestSB.profdata */ = {isa = PBXFileReference; lastKnownFileType = file; path = 274F16NearestSB.profdata; sourceTree = "<group>"; };
		823641421E00C98B007AE0FD /* GridSBSolver.cpp */ = {isa = PBXFileReference; fileEncoding = 4; lastKnownFileType = sourcecode.cpp.cpp; path = GridSBSolver.cpp; sourceTree = "<group>"; };
		823641431E00C98B007AE0FD /* GridSBSolver.hpp */ = {isa = PBXFileReference; fileEncoding = 4; lastKnownFileType = sourcecode.cpp.h; path = GridSBSolver.hpp; sourceTree = "<group>"; };
		823641461E00D1AE007AE0FD /* SBLoc.hpp */ = {isa = PBXFileReference; fileEncoding = 4; lastKnownFileType = sourcecode.cpp.h; path = SBLoc.hpp; sourceTree = "<group>"; };
		82405F2B1E0C7FDD00028713 /* BKDTGridSBSolver.cpp */ = {isa = PBXFileReference; fileEncoding = 4; lastKnownFileType = sourcecode.cpp.cpp; path = BKDTGridSBSolver.cpp; sourceTree = "<group>"; };
		82405F2C1E0C7FDD00028713 /* BKDTGridSBSolver.hpp */ = {isa = PBXFileReference; fileEncoding = 4; lastKnownFileType = sourcecode.cpp.h; path = BKDTGridSBSolver.hpp; sourceTree = "<group>"; };
		825CD4D0265516FE0069BBD1 /* libomp.dylib */ = {isa = PBXFileReference; lastKnownFileType = "compiled.mach-o.dylib"; name = libomp.dylib; path = ../../../../../usr/local/lib/libomp.dylib; sourceTree = "<group>"; };
		82717C7B26537A5300D90DE7 /* libtbb.12.2.dylib */ = {isa = PBXFileReference; lastKnownFileType = "compiled.mach-o.dylib"; name = libtbb.12.2.dylib; path = ../../../../../opt/intel/oneapi/tbb/2021.2.0/lib/libtbb.12.2.dylib; sourceTree = "<group>"; };
		82A66E1E1E00382500D5FAFD /* 274F16NearestSB */ = {isa = PBXFileReference; explicitFileType = "compiled.mach-o.executable"; includeInIndex = 0; path = 274F16NearestSB; sourceTree = BUILT_PRODUCTS_DIR; };
		82A66E291E003B0800D5FAFD /* BFSBSolver.cpp */ = {isa = PBXFileReference; fileEncoding = 4; lastKnownFileType = sourcecode.cpp.cpp; path = BFSBSolver.cpp; sourceTree = "<group>"; };
		82A66E2A1E003B0800D5FAFD /* BFSBSolver.hpp */ = {isa = PBXFileReference; fileEncoding = 4; lastKnownFileType = sourcecode.cpp.h; path = BFSBSolver.hpp; sourceTree = "<group>"; };
		82A66E2B1E003B0800D5FAFD /* BKDTSBSolver.cpp */ = {isa = PBXFileReference; fileEncoding = 4; lastKnownFileType = sourcecode.cpp.cpp; path = BKDTSBSolver.cpp; sourceTree = "<group>"; };
		82A66E2C1E003B0800D5FAFD /* BKDTSBSolver.hpp */ = {isa = PBXFileReference; fileEncoding = 4; lastKnownFileType = sourcecode.cpp.h; path = BKDTSBSolver.hpp; sourceTree = "<group>"; };
		82A66E2D1E003B0800D5FAFD /* BoundedPQueue.hpp */ = {isa = PBXFileReference; fileEncoding = 4; lastKnownFileType = sourcecode.cpp.h; path = BoundedPQueue.hpp; sourceTree = "<group>"; };
		82A66E2E1E003B0800D5FAFD /* KDTree.hpp */ = {isa = PBXFileReference; fileEncoding = 4; lastKnownFileType = sourcecode.cpp.h; path = KDTree.hpp; sourceTree = "<group>"; };
		82A66E2F1E003B0800D5FAFD /* KDTSBSolver.cpp */ = {isa = PBXFileReference; fileEncoding = 4; lastKnownFileType = sourcecode.cpp.cpp; path = KDTSBSolver.cpp; sourceTree = "<group>"; };
		82A66E301E003B0800D5FAFD /* KDTSBSolver.hpp */ = {isa = PBXFileReference; fileEncoding = 4; lastKnownFileType = sourcecode.cpp.h; path = KDTSBSolver.hpp; sourceTree = "<group>"; };
		82A66E311E003B0800D5FAFD /* main.cpp */ = {isa = PBXFileReference; fileEncoding = 4; lastKnownFileType = sourcecode.cpp.cpp; path = main.cpp; sourceTree = "<group>"; };
		82A66E321E003B0800D5FAFD /* Point.hpp */ = {isa = PBXFileReference; fileEncoding = 4; lastKnownFileType = sourcecode.cpp.h; path = Point.hpp; sourceTree = "<group>"; };
		82A66E331E003B0800D5FAFD /* SBSolver.hpp */ = {isa = PBXFileReference; fileEncoding = 4; lastKnownFileType = sourcecode.cpp.h; path = SBSolver.hpp; sourceTree = "<group>"; };
/* End PBXFileReference section */

/* Begin PBXFrameworksBuildPhase section */
		82A66E1B1E00382500D5FAFD /* Frameworks */ = {
			isa = PBXFrameworksBuildPhase;
			buildActionMask = 2147483647;
			files = (
				82210E9E2681B555003488A7 /* libabsl_random_seed_gen_exception.2103.0.1.dylib in Frameworks */,
				82210E9F2681B555003488A7 /* libabsl_random_internal_randen_hwaes.2103.0.1.dylib in Frameworks */,
				82210EA02681B555003488A7 /* libabsl_random_internal_seed_material.2103.0.1.dylib in Frameworks */,
				82210EA12681B555003488A7 /* libabsl_random_internal_platform.2103.0.1.dylib in Frameworks */,
				82210EA22681B555003488A7 /* libabsl_random_internal_randen_hwaes_impl.2103.0.1.dylib in Frameworks */,
				82210EA32681B555003488A7 /* libabsl_random_internal_pool_urbg.2103.0.1.dylib in Frameworks */,
				82210EA42681B555003488A7 /* libabsl_random_internal_randen_slow.2103.0.1.dylib in Frameworks */,
				82210EA52681B555003488A7 /* libabsl_random_internal_randen.2103.0.1.dylib in Frameworks */,
				82210EA62681B555003488A7 /* libabsl_random_internal_distribution_test_util.2103.0.1.dylib in Frameworks */,
				82210EA72681B555003488A7 /* libabsl_random_distributions.2103.0.1.dylib in Frameworks */,
				82210EA82681B555003488A7 /* libabsl_random_seed_sequences.2103.0.1.dylib in Frameworks */,
				825CD4D1265516FE0069BBD1 /* libomp.dylib in Frameworks */,
				82717C7D26537BEF00D90DE7 /* libtbb.12.2.dylib in Frameworks */,
			);
			runOnlyForDeploymentPostprocessing = 0;
		};
/* End PBXFrameworksBuildPhase section */

/* Begin PBXGroup section */
		8223DF2E267207C70029B47E /* OptimizationProfiles */ = {
			isa = PBXGroup;
			children = (
				8223DF2F267207C70029B47E /* 274F16NearestSB.profdata */,
			);
			path = OptimizationProfiles;
			sourceTree = "<group>";
		};
		82717C7A26537A5300D90DE7 /* Frameworks */ = {
			isa = PBXGroup;
			children = (
				82210E9C2681B555003488A7 /* libabsl_random_distributions.2103.0.1.dylib */,
				82210E9B2681B555003488A7 /* libabsl_random_internal_distribution_test_util.2103.0.1.dylib */,
				82210E962681B555003488A7 /* libabsl_random_internal_platform.2103.0.1.dylib */,
				82210E982681B555003488A7 /* libabsl_random_internal_pool_urbg.2103.0.1.dylib */,
				82210E972681B555003488A7 /* libabsl_random_internal_randen_hwaes_impl.2103.0.1.dylib */,
				82210E942681B555003488A7 /* libabsl_random_internal_randen_hwaes.2103.0.1.dylib */,
				82210E992681B555003488A7 /* libabsl_random_internal_randen_slow.2103.0.1.dylib */,
				82210E9A2681B555003488A7 /* libabsl_random_internal_randen.2103.0.1.dylib */,
				82210E952681B555003488A7 /* libabsl_random_internal_seed_material.2103.0.1.dylib */,
				82210E932681B555003488A7 /* libabsl_random_seed_gen_exception.2103.0.1.dylib */,
				82210E9D2681B555003488A7 /* libabsl_random_seed_sequences.2103.0.1.dylib */,
				825CD4D0265516FE0069BBD1 /* libomp.dylib */,
				82717C7B26537A5300D90DE7 /* libtbb.12.2.dylib */,
			);
			name = Frameworks;
			sourceTree = "<group>";
		};
		82A66E151E00382500D5FAFD = {
			isa = PBXGroup;
			children = (
				82A66E281E00383F00D5FAFD /* cppsrc */,
				82717C7A26537A5300D90DE7 /* Frameworks */,
				82A66E1F1E00382500D5FAFD /* Products */,
				8223DF2E267207C70029B47E /* OptimizationProfiles */,
			);
			sourceTree = "<group>";
		};
		82A66E1F1E00382500D5FAFD /* Products */ = {
			isa = PBXGroup;
			children = (
				82A66E1E1E00382500D5FAFD /* 274F16NearestSB */,
			);
			name = Products;
			sourceTree = "<group>";
		};
		82A66E281E00383F00D5FAFD /* cppsrc */ = {
			isa = PBXGroup;
			children = (
				82A66E311E003B0800D5FAFD /* main.cpp */,
				8200D42B265CD1E2001A60C5 /* Definition.hpp */,
				014C5C3E222958A4002406C4 /* Utility.hpp */,
				82A66E321E003B0800D5FAFD /* Point.hpp */,
				82A66E2D1E003B0800D5FAFD /* BoundedPQueue.hpp */,
				82A66E2E1E003B0800D5FAFD /* KDTree.hpp */,
				01A424D721E9852700F43C03 /* KDTreeCusMem.hpp */,
				011BE34121F1B09400C44DDE /* KDTreeExpandLongest.hpp */,
				0131C9882213136D00F073C9 /* KDTreeExpandLongestVec.hpp */,
				016197E921E8F94C009F8E48 /* PoolAllocator.hpp */,
				823641461E00D1AE007AE0FD /* SBLoc.hpp */,
				82A66E331E003B0800D5FAFD /* SBSolver.hpp */,
				82A66E291E003B0800D5FAFD /* BFSBSolver.cpp */,
				82A66E2A1E003B0800D5FAFD /* BFSBSolver.hpp */,
				01183DA221EEE5240002C03A /* BFEUCPtSolver.cpp */,
				01183DA321EEE5240002C03A /* BFEUCPtSolver.hpp */,
				82A66E2F1E003B0800D5FAFD /* KDTSBSolver.cpp */,
				82A66E301E003B0800D5FAFD /* KDTSBSolver.hpp */,
				82A66E2B1E003B0800D5FAFD /* BKDTSBSolver.cpp */,
				82A66E2C1E003B0800D5FAFD /* BKDTSBSolver.hpp */,
				823641421E00C98B007AE0FD /* GridSBSolver.cpp */,
				823641431E00C98B007AE0FD /* GridSBSolver.hpp */,
				82405F2B1E0C7FDD00028713 /* BKDTGridSBSolver.cpp */,
				82405F2C1E0C7FDD00028713 /* BKDTGridSBSolver.hpp */,
				011CF6B821D711EE0052024D /* UniLatLngBKDTGridSBSolver.cpp */,
				011CF6B921D711EE0052024D /* UniLatLngBKDTGridSBSolver.hpp */,
				011CF6BE21D91E070052024D /* UniCellBKDTGridSBSolver.cpp */,
				011CF6BF21D91E070052024D /* UniCellBKDTGridSBSolver.hpp */,
				013D9B67221C4AB90001A4C7 /* UnionUniLatLngBKDTGridSBSolver.cpp */,
				013D9B68221C4AB90001A4C7 /* UnionUniLatLngBKDTGridSBSolver.hpp */,
				013D9B6A221D478B0001A4C7 /* UnionUniCellBKDTGridSBSolver.cpp */,
				013D9B6B221D478B0001A4C7 /* UnionUniCellBKDTGridSBSolver.hpp */,
			);
			path = cppsrc;
			sourceTree = "<group>";
		};
/* End PBXGroup section */

/* Begin PBXNativeTarget section */
		82A66E1D1E00382500D5FAFD /* 274F16NearestSB */ = {
			isa = PBXNativeTarget;
			buildConfigurationList = 82A66E251E00382500D5FAFD /* Build configuration list for PBXNativeTarget "274F16NearestSB" */;
			buildPhases = (
				82A66E1A1E00382500D5FAFD /* Sources */,
				82A66E1B1E00382500D5FAFD /* Frameworks */,
				82A66E1C1E00382500D5FAFD /* CopyFiles */,
				82717C7F26537C5300D90DE7 /* Embed Libraries */,
			);
			buildRules = (
			);
			dependencies = (
			);
			name = 274F16NearestSB;
			productName = 274F16NearestSB;
			productReference = 82A66E1E1E00382500D5FAFD /* 274F16NearestSB */;
			productType = "com.apple.product-type.tool";
		};
/* End PBXNativeTarget section */

/* Begin PBXProject section */
		82A66E161E00382500D5FAFD /* Project object */ = {
			isa = PBXProject;
			attributes = {
				LastUpgradeCheck = 1250;
				ORGANIZATIONNAME = "Yunlong Liu";
				TargetAttributes = {
					82A66E1D1E00382500D5FAFD = {
						CreatedOnToolsVersion = 8.2;
						ProvisioningStyle = Automatic;
					};
				};
			};
			buildConfigurationList = 82A66E191E00382500D5FAFD /* Build configuration list for PBXProject "274F16NearestSB" */;
			compatibilityVersion = "Xcode 3.2";
			developmentRegion = en;
			hasScannedForEncodings = 0;
			knownRegions = (
				en,
				Base,
			);
			mainGroup = 82A66E151E00382500D5FAFD;
			productRefGroup = 82A66E1F1E00382500D5FAFD /* Products */;
			projectDirPath = "";
			projectRoot = "";
			targets = (
				82A66E1D1E00382500D5FAFD /* 274F16NearestSB */,
			);
		};
/* End PBXProject section */

/* Begin PBXSourcesBuildPhase section */
		82A66E1A1E00382500D5FAFD /* Sources */ = {
			isa = PBXSourcesBuildPhase;
			buildActionMask = 2147483647;
			files = (
				82A66E361E003B0800D5FAFD /* KDTSBSolver.cpp in Sources */,
				013D9B69221C4AB90001A4C7 /* UnionUniLatLngBKDTGridSBSolver.cpp in Sources */,
				82A66E351E003B0800D5FAFD /* BKDTSBSolver.cpp in Sources */,
				011CF6BA21D711EE0052024D /* UniLatLngBKDTGridSBSolver.cpp in Sources */,
				82405F2D1E0C7FDD00028713 /* BKDTGridSBSolver.cpp in Sources */,
				01183DA421EEE5240002C03A /* BFEUCPtSolver.cpp in Sources */,
				011CF6C021D91E070052024D /* UniCellBKDTGridSBSolver.cpp in Sources */,
				82A66E371E003B0800D5FAFD /* main.cpp in Sources */,
				823641441E00C98B007AE0FD /* GridSBSolver.cpp in Sources */,
				82A66E341E003B0800D5FAFD /* BFSBSolver.cpp in Sources */,
				013D9B6C221D478B0001A4C7 /* UnionUniCellBKDTGridSBSolver.cpp in Sources */,
			);
			runOnlyForDeploymentPostprocessing = 0;
		};
/* End PBXSourcesBuildPhase section */

/* Begin XCBuildConfiguration section */
		82A66E231E00382500D5FAFD /* Debug */ = {
			isa = XCBuildConfiguration;
			buildSettings = {
				ALWAYS_SEARCH_USER_PATHS = NO;
				CLANG_ANALYZER_LOCALIZABILITY_NONLOCALIZED = YES;
				CLANG_ANALYZER_NONNULL = YES;
				CLANG_CXX_LANGUAGE_STANDARD = "c++20";
				CLANG_CXX_LIBRARY = "libc++";
				CLANG_ENABLE_MODULES = YES;
				CLANG_ENABLE_OBJC_ARC = YES;
				CLANG_USE_OPTIMIZATION_PROFILE = NO;
				CLANG_WARN_BLOCK_CAPTURE_AUTORELEASING = YES;
				CLANG_WARN_BOOL_CONVERSION = YES;
				CLANG_WARN_COMMA = YES;
				CLANG_WARN_CONSTANT_CONVERSION = YES;
				CLANG_WARN_DEPRECATED_OBJC_IMPLEMENTATIONS = YES;
				CLANG_WARN_DIRECT_OBJC_ISA_USAGE = YES_ERROR;
				CLANG_WARN_DOCUMENTATION_COMMENTS = YES;
				CLANG_WARN_EMPTY_BODY = YES;
				CLANG_WARN_ENUM_CONVERSION = YES;
				CLANG_WARN_INFINITE_RECURSION = YES;
				CLANG_WARN_INT_CONVERSION = YES;
				CLANG_WARN_NON_LITERAL_NULL_CONVERSION = YES;
				CLANG_WARN_OBJC_IMPLICIT_RETAIN_SELF = YES;
				CLANG_WARN_OBJC_LITERAL_CONVERSION = YES;
				CLANG_WARN_OBJC_ROOT_CLASS = YES_ERROR;
				CLANG_WARN_QUOTED_INCLUDE_IN_FRAMEWORK_HEADER = YES;
				CLANG_WARN_RANGE_LOOP_ANALYSIS = YES;
				CLANG_WARN_STRICT_PROTOTYPES = YES;
				CLANG_WARN_SUSPICIOUS_MOVE = YES;
				CLANG_WARN_UNREACHABLE_CODE = YES;
				CLANG_WARN__DUPLICATE_METHOD_MATCH = YES;
				CODE_SIGN_IDENTITY = "-";
				COPY_PHASE_STRIP = NO;
				DEBUG_INFORMATION_FORMAT = dwarf;
				ENABLE_STRICT_OBJC_MSGSEND = YES;
				ENABLE_TESTABILITY = YES;
				GCC_C_LANGUAGE_STANDARD = c11;
				GCC_DYNAMIC_NO_PIC = NO;
				GCC_NO_COMMON_BLOCKS = YES;
				GCC_OPTIMIZATION_LEVEL = 0;
				GCC_PREPROCESSOR_DEFINITIONS = "";
				GCC_VERSION = "";
				GCC_WARN_64_TO_32_BIT_CONVERSION = YES;
				GCC_WARN_ABOUT_RETURN_TYPE = YES_ERROR;
				GCC_WARN_UNDECLARED_SELECTOR = YES;
				GCC_WARN_UNINITIALIZED_AUTOS = YES_AGGRESSIVE;
				GCC_WARN_UNUSED_FUNCTION = YES;
				GCC_WARN_UNUSED_VARIABLE = YES;
				HEADER_SEARCH_PATHS = (
					/opt/oneDPL/include,
					/usr/local/include,
					/opt/intel/oneapi/tbb/latest/include,
				);
				ICC_OPT_PARALLEL = YES;
				ICC_TBB = YES;
				ICC_USE_OPTIMIZED_HEADERS = YES;
				LD_RUNPATH_SEARCH_PATHS = /usr/local/lib;
				LIBRARY_SEARCH_PATHS = (
					/usr/local/lib,
					/opt/intel/oneapi/tbb/latest/lib,
				);
				LLVM_LTO = NO;
				MACOSX_DEPLOYMENT_TARGET = 11.4;
				MTL_ENABLE_DEBUG_INFO = YES;
				ONLY_ACTIVE_ARCH = YES;
				OTHER_CFLAGS = (
					"-ltbb",
					"-Xclang",
					"-fopenmp",
				);
				OTHER_LDFLAGS = "-v";
				SCAN_ALL_SOURCE_FILES_FOR_INCLUDES = NO;
				SDKROOT = macosx;
			};
			name = Debug;
		};
		82A66E241E00382500D5FAFD /* Release */ = {
			isa = XCBuildConfiguration;
			buildSettings = {
				ALWAYS_SEARCH_USER_PATHS = NO;
				CLANG_ANALYZER_LOCALIZABILITY_NONLOCALIZED = YES;
				CLANG_ANALYZER_NONNULL = YES;
				CLANG_CXX_LANGUAGE_STANDARD = "c++20";
				CLANG_CXX_LIBRARY = "libc++";
				CLANG_ENABLE_MODULES = YES;
				CLANG_ENABLE_OBJC_ARC = YES;
				CLANG_USE_OPTIMIZATION_PROFILE = NO;
				CLANG_WARN_BLOCK_CAPTURE_AUTORELEASING = YES;
				CLANG_WARN_BOOL_CONVERSION = YES;
				CLANG_WARN_COMMA = YES;
				CLANG_WARN_CONSTANT_CONVERSION = YES;
				CLANG_WARN_DEPRECATED_OBJC_IMPLEMENTATIONS = YES;
				CLANG_WARN_DIRECT_OBJC_ISA_USAGE = YES_ERROR;
				CLANG_WARN_DOCUMENTATION_COMMENTS = YES;
				CLANG_WARN_EMPTY_BODY = YES;
				CLANG_WARN_ENUM_CONVERSION = YES;
				CLANG_WARN_INFINITE_RECURSION = YES;
				CLANG_WARN_INT_CONVERSION = YES;
				CLANG_WARN_NON_LITERAL_NULL_CONVERSION = YES;
				CLANG_WARN_OBJC_IMPLICIT_RETAIN_SELF = YES;
				CLANG_WARN_OBJC_LITERAL_CONVERSION = YES;
				CLANG_WARN_OBJC_ROOT_CLASS = YES_ERROR;
				CLANG_WARN_QUOTED_INCLUDE_IN_FRAMEWORK_HEADER = YES;
				CLANG_WARN_RANGE_LOOP_ANALYSIS = YES;
				CLANG_WARN_STRICT_PROTOTYPES = YES;
				CLANG_WARN_SUSPICIOUS_MOVE = YES;
				CLANG_WARN_UNREACHABLE_CODE = YES;
				CLANG_WARN__DUPLICATE_METHOD_MATCH = YES;
				CODE_SIGN_IDENTITY = "-";
				COPY_PHASE_STRIP = NO;
				DEBUG_INFORMATION_FORMAT = "dwarf-with-dsym";
				ENABLE_NS_ASSERTIONS = NO;
				ENABLE_STRICT_OBJC_MSGSEND = YES;
				GCC_C_LANGUAGE_STANDARD = c11;
				GCC_NO_COMMON_BLOCKS = YES;
				GCC_OPTIMIZATION_LEVEL = fast;
				GCC_PREPROCESSOR_DEFINITIONS = "";
				GCC_VERSION = "";
				GCC_WARN_64_TO_32_BIT_CONVERSION = YES;
				GCC_WARN_ABOUT_RETURN_TYPE = YES_ERROR;
				GCC_WARN_UNDECLARED_SELECTOR = YES;
				GCC_WARN_UNINITIALIZED_AUTOS = YES_AGGRESSIVE;
				GCC_WARN_UNUSED_FUNCTION = YES;
				GCC_WARN_UNUSED_VARIABLE = YES;
				HEADER_SEARCH_PATHS = (
					/opt/oneDPL/include,
					/usr/local/include,
					/opt/intel/oneapi/tbb/latest/include,
				);
				ICC_OPT_PARALLEL = YES;
				ICC_TBB = YES;
				ICC_USE_OPTIMIZED_HEADERS = YES;
				LD_RUNPATH_SEARCH_PATHS = /usr/local/lib;
				LIBRARY_SEARCH_PATHS = (
					/usr/local/lib,
					/opt/intel/oneapi/tbb/latest/lib,
				);
				LLVM_LTO = NO;
				MACOSX_DEPLOYMENT_TARGET = 11.4;
				MTL_ENABLE_DEBUG_INFO = NO;
				OTHER_CFLAGS = (
					"-ltbb",
					"-Xclang",
					"-fopenmp",
				);
				OTHER_LDFLAGS = "-v";
				SCAN_ALL_SOURCE_FILES_FOR_INCLUDES = NO;
				SDKROOT = macosx;
			};
			name = Release;
		};
		82A66E261E00382500D5FAFD /* Debug */ = {
			isa = XCBuildConfiguration;
			buildSettings = {
				ALWAYS_SEARCH_USER_PATHS = NO;
				ARCHS = x86_64;
				CLANG_CXX_LANGUAGE_STANDARD = "c++20";
				CLANG_USE_OPTIMIZATION_PROFILE = NO;
				CODE_SIGN_IDENTITY = "-";
				GCC_C_LANGUAGE_STANDARD = c11;
				GCC_VERSION = "";
				HEADER_SEARCH_PATHS = (
					/opt/intel/oneapi/tbb/latest/include,
					/opt/oneDPL/include,
					/usr/local/include,
				);
				ICC_CXX_LIBRARY = "libc++";
				ICC_MKL = threaded;
				ICC_OPT_PARALLEL = YES;
				ICC_OTHER_CFLAGS = "$(OTHER_CFLAGS)";
				ICC_TBB = YES;
				ICC_TUNE_FOR_INTEL_ARCH = skylake;
				ICC_USE_OPTIMIZED_HEADERS = YES;
				LD_RUNPATH_SEARCH_PATHS = "/opt/intel/oneapi/tbb/latest/lib /usr/local/lib";
				LIBRARY_SEARCH_PATHS = (
					/opt/intel/oneapi/tbb/latest/lib,
					/usr/local/lib,
					/opt/intel/oneapi/tbb/2021.2.0/lib,
					/usr/local/Cellar/abseil/20210324.2/lib,
				);
				LLVM_LTO = NO;
				OTHER_CFLAGS = (
					"-ltbb",
					"-Xclang",
					"-fopenmp",
				);
				PRODUCT_NAME = "$(TARGET_NAME)";
			};
			name = Debug;
		};
		82A66E271E00382500D5FAFD /* Release */ = {
			isa = XCBuildConfiguration;
			buildSettings = {
				ALWAYS_SEARCH_USER_PATHS = NO;
				ARCHS = x86_64;
				CLANG_CXX_LANGUAGE_STANDARD = "c++20";
				CLANG_USE_OPTIMIZATION_PROFILE = NO;
				CODE_SIGN_IDENTITY = "-";
				GCC_C_LANGUAGE_STANDARD = c11;
				GCC_OPTIMIZATION_LEVEL = fast;
				GCC_VERSION = "";
				HEADER_SEARCH_PATHS = (
					/opt/intel/oneapi/tbb/latest/include,
					/opt/oneDPL/include,
					/usr/local/include,
				);
				ICC_CXX_LIBRARY = "libc++";
				ICC_MKL = threaded;
				ICC_OPTLEVEL = speedHLO;
				ICC_OPT_PARALLEL = YES;
				ICC_OTHER_CFLAGS = "$(OTHER_CFLAGS)";
				ICC_TBB = YES;
				ICC_TUNE_FOR_INTEL_ARCH = skylake;
				ICC_USE_OPTIMIZED_HEADERS = YES;
				LD_RUNPATH_SEARCH_PATHS = "/opt/intel/oneapi/tbb/latest/lib /usr/local/lib";
				LIBRARY_SEARCH_PATHS = (
					/opt/intel/oneapi/tbb/latest/lib,
					/usr/local/lib,
					/opt/intel/oneapi/tbb/2021.2.0/lib,
					/usr/local/Cellar/abseil/20210324.2/lib,
				);
				LLVM_LTO = NO;
				OTHER_CFLAGS = (
					"-ltbb",
					"-Xclang",
					"-fopenmp",
				);
				PRODUCT_NAME = "$(TARGET_NAME)";
			};
			name = Release;
		};
/* End XCBuildConfiguration section */

/* Begin XCConfigurationList section */
		82A66E191E00382500D5FAFD /* Build configuration list for PBXProject "274F16NearestSB" */ = {
			isa = XCConfigurationList;
			buildConfigurations = (
				82A66E231E00382500D5FAFD /* Debug */,
				82A66E241E00382500D5FAFD /* Release */,
			);
			defaultConfigurationIsVisible = 0;
			defaultConfigurationName = Release;
		};
		82A66E251E00382500D5FAFD /* Build configuration list for PBXNativeTarget "274F16NearestSB" */ = {
			isa = XCConfigurationList;
			buildConfigurations = (
				82A66E261E00382500D5FAFD /* Debug */,
				82A66E271E00382500D5FAFD /* Release */,
			);
			defaultConfigurationIsVisible = 0;
			defaultConfigurationName = Release;
		};
/* End XCConfigurationList section */
	};
	rootObject = 82A66E161E00382500D5FAFD /* Project object */;
}
