// !$*UTF8*$!
{
	archiveVersion = 1;
	classes = {
	};
	objectVersion = 46;
	objects = {

/* Begin PBXBuildFile section */
		011CF6BA21D711EE0052024D /* UpgradeBKDTGridSBSolver.cpp in Sources */ = {isa = PBXBuildFile; fileRef = 011CF6B821D711EE0052024D /* UpgradeBKDTGridSBSolver.cpp */; };
		011CF6C021D91E070052024D /* UniCellBKDTGridSBSolver.cpp in Sources */ = {isa = PBXBuildFile; fileRef = 011CF6BE21D91E070052024D /* UniCellBKDTGridSBSolver.cpp */; };
		823641441E00C98B007AE0FD /* GridSBSolver.cpp in Sources */ = {isa = PBXBuildFile; fileRef = 823641421E00C98B007AE0FD /* GridSBSolver.cpp */; };
		82405F2D1E0C7FDD00028713 /* BKDTGridSBSolver.cpp in Sources */ = {isa = PBXBuildFile; fileRef = 82405F2B1E0C7FDD00028713 /* BKDTGridSBSolver.cpp */; };
		82A66E341E003B0800D5FAFD /* BFSBSolver.cpp in Sources */ = {isa = PBXBuildFile; fileRef = 82A66E291E003B0800D5FAFD /* BFSBSolver.cpp */; };
		82A66E351E003B0800D5FAFD /* BKDTSBSolver.cpp in Sources */ = {isa = PBXBuildFile; fileRef = 82A66E2B1E003B0800D5FAFD /* BKDTSBSolver.cpp */; };
		82A66E361E003B0800D5FAFD /* KDTSBSolver.cpp in Sources */ = {isa = PBXBuildFile; fileRef = 82A66E2F1E003B0800D5FAFD /* KDTSBSolver.cpp */; };
		82A66E371E003B0800D5FAFD /* main.cpp in Sources */ = {isa = PBXBuildFile; fileRef = 82A66E311E003B0800D5FAFD /* main.cpp */; };
/* End PBXBuildFile section */

/* Begin PBXBuildRule section */
		8290F4FF1EAC071000838B00 /* PBXBuildRule */ = {
			isa = PBXBuildRule;
			compilerSpec = com.apple.compilers.proxy.script;
			fileType = pattern.proxy;
			isEditable = 1;
			outputFiles = (
			);
		};
/* End PBXBuildRule section */

/* Begin PBXCopyFilesBuildPhase section */
		82A66E1C1E00382500D5FAFD /* CopyFiles */ = {
			isa = PBXCopyFilesBuildPhase;
			buildActionMask = 2147483647;
			dstPath = /usr/share/man/man1/;
			dstSubfolderSpec = 0;
			files = (
			);
			runOnlyForDeploymentPostprocessing = 1;
		};
/* End PBXCopyFilesBuildPhase section */

/* Begin PBXFileReference section */
		011CF6B821D711EE0052024D /* UpgradeBKDTGridSBSolver.cpp */ = {isa = PBXFileReference; lastKnownFileType = sourcecode.cpp.cpp; path = UpgradeBKDTGridSBSolver.cpp; sourceTree = "<group>"; };
		011CF6B921D711EE0052024D /* UpgradeBKDTGridSBSolver.hpp */ = {isa = PBXFileReference; lastKnownFileType = sourcecode.cpp.h; path = UpgradeBKDTGridSBSolver.hpp; sourceTree = "<group>"; };
		011CF6BE21D91E070052024D /* UniCellBKDTGridSBSolver.cpp */ = {isa = PBXFileReference; lastKnownFileType = sourcecode.cpp.cpp; path = UniCellBKDTGridSBSolver.cpp; sourceTree = "<group>"; };
		011CF6BF21D91E070052024D /* UniCellBKDTGridSBSolver.hpp */ = {isa = PBXFileReference; lastKnownFileType = sourcecode.cpp.h; path = UniCellBKDTGridSBSolver.hpp; sourceTree = "<group>"; };
		0122F1A821D4A16E004422B6 /* refCities.txt */ = {isa = PBXFileReference; lastKnownFileType = text; path = refCities.txt; sourceTree = "<group>"; };
		01AC07D621CB9AA500ECF497 /* cities.csv */ = {isa = PBXFileReference; lastKnownFileType = text; path = cities.csv; sourceTree = "<group>"; };
		823641421E00C98B007AE0FD /* GridSBSolver.cpp */ = {isa = PBXFileReference; fileEncoding = 4; lastKnownFileType = sourcecode.cpp.cpp; path = GridSBSolver.cpp; sourceTree = "<group>"; };
		823641431E00C98B007AE0FD /* GridSBSolver.hpp */ = {isa = PBXFileReference; fileEncoding = 4; lastKnownFileType = sourcecode.cpp.h; path = GridSBSolver.hpp; sourceTree = "<group>"; };
		823641461E00D1AE007AE0FD /* SBLoc.hpp */ = {isa = PBXFileReference; fileEncoding = 4; lastKnownFileType = sourcecode.cpp.h; path = SBLoc.hpp; sourceTree = "<group>"; };
		82405F2B1E0C7FDD00028713 /* BKDTGridSBSolver.cpp */ = {isa = PBXFileReference; fileEncoding = 4; lastKnownFileType = sourcecode.cpp.cpp; path = BKDTGridSBSolver.cpp; sourceTree = "<group>"; };
		82405F2C1E0C7FDD00028713 /* BKDTGridSBSolver.hpp */ = {isa = PBXFileReference; fileEncoding = 4; lastKnownFileType = sourcecode.cpp.h; path = BKDTGridSBSolver.hpp; sourceTree = "<group>"; };
		82A66E1E1E00382500D5FAFD /* 274F16NearestSB */ = {isa = PBXFileReference; explicitFileType = "compiled.mach-o.executable"; includeInIndex = 0; path = 274F16NearestSB; sourceTree = BUILT_PRODUCTS_DIR; };
		82A66E291E003B0800D5FAFD /* BFSBSolver.cpp */ = {isa = PBXFileReference; fileEncoding = 4; lastKnownFileType = sourcecode.cpp.cpp; path = BFSBSolver.cpp; sourceTree = "<group>"; };
		82A66E2A1E003B0800D5FAFD /* BFSBSolver.hpp */ = {isa = PBXFileReference; fileEncoding = 4; lastKnownFileType = sourcecode.cpp.h; path = BFSBSolver.hpp; sourceTree = "<group>"; };
		82A66E2B1E003B0800D5FAFD /* BKDTSBSolver.cpp */ = {isa = PBXFileReference; fileEncoding = 4; lastKnownFileType = sourcecode.cpp.cpp; path = BKDTSBSolver.cpp; sourceTree = "<group>"; };
		82A66E2C1E003B0800D5FAFD /* BKDTSBSolver.hpp */ = {isa = PBXFileReference; fileEncoding = 4; lastKnownFileType = sourcecode.cpp.h; path = BKDTSBSolver.hpp; sourceTree = "<group>"; };
		82A66E2D1E003B0800D5FAFD /* BoundedPQueue.hpp */ = {isa = PBXFileReference; fileEncoding = 4; lastKnownFileType = sourcecode.cpp.h; path = BoundedPQueue.hpp; sourceTree = "<group>"; };
		82A66E2E1E003B0800D5FAFD /* KDTree.hpp */ = {isa = PBXFileReference; fileEncoding = 4; lastKnownFileType = sourcecode.cpp.h; path = KDTree.hpp; sourceTree = "<group>"; };
		82A66E2F1E003B0800D5FAFD /* KDTSBSolver.cpp */ = {isa = PBXFileReference; fileEncoding = 4; lastKnownFileType = sourcecode.cpp.cpp; path = KDTSBSolver.cpp; sourceTree = "<group>"; };
		82A66E301E003B0800D5FAFD /* KDTSBSolver.hpp */ = {isa = PBXFileReference; fileEncoding = 4; lastKnownFileType = sourcecode.cpp.h; path = KDTSBSolver.hpp; sourceTree = "<group>"; };
		82A66E311E003B0800D5FAFD /* main.cpp */ = {isa = PBXFileReference; fileEncoding = 4; lastKnownFileType = sourcecode.cpp.cpp; path = main.cpp; sourceTree = "<group>"; };
		82A66E321E003B0800D5FAFD /* Point.hpp */ = {isa = PBXFileReference; fileEncoding = 4; lastKnownFileType = sourcecode.cpp.h; path = Point.hpp; sourceTree = "<group>"; };
		82A66E331E003B0800D5FAFD /* SBSolver.hpp */ = {isa = PBXFileReference; fileEncoding = 4; lastKnownFileType = sourcecode.cpp.h; path = SBSolver.hpp; sourceTree = "<group>"; };
		82A66E381E003B5400D5FAFD /* starbucks.csv */ = {isa = PBXFileReference; lastKnownFileType = text; path = starbucks.csv; sourceTree = "<group>"; };
/* End PBXFileReference section */

/* Begin PBXFrameworksBuildPhase section */
		82A66E1B1E00382500D5FAFD /* Frameworks */ = {
			isa = PBXFrameworksBuildPhase;
			buildActionMask = 2147483647;
			files = (
			);
			runOnlyForDeploymentPostprocessing = 0;
		};
/* End PBXFrameworksBuildPhase section */

/* Begin PBXGroup section */
		82A66E151E00382500D5FAFD = {
			isa = PBXGroup;
			children = (
				82A66E281E00383F00D5FAFD /* cppsrc */,
				82A66E1F1E00382500D5FAFD /* Products */,
				82A66E381E003B5400D5FAFD /* starbucks.csv */,
				01AC07D621CB9AA500ECF497 /* cities.csv */,
				0122F1A821D4A16E004422B6 /* refCities.txt */,
			);
			sourceTree = "<group>";
		};
		82A66E1F1E00382500D5FAFD /* Products */ = {
			isa = PBXGroup;
			children = (
				82A66E1E1E00382500D5FAFD /* 274F16NearestSB */,
			);
			name = Products;
			sourceTree = "<group>";
		};
		82A66E281E00383F00D5FAFD /* cppsrc */ = {
			isa = PBXGroup;
			children = (
				82A66E321E003B0800D5FAFD /* Point.hpp */,
				82A66E2D1E003B0800D5FAFD /* BoundedPQueue.hpp */,
				82A66E2E1E003B0800D5FAFD /* KDTree.hpp */,
				82A66E311E003B0800D5FAFD /* main.cpp */,
				823641461E00D1AE007AE0FD /* SBLoc.hpp */,
				82A66E331E003B0800D5FAFD /* SBSolver.hpp */,
				82A66E291E003B0800D5FAFD /* BFSBSolver.cpp */,
				82A66E2A1E003B0800D5FAFD /* BFSBSolver.hpp */,
				82A66E2F1E003B0800D5FAFD /* KDTSBSolver.cpp */,
				82A66E301E003B0800D5FAFD /* KDTSBSolver.hpp */,
				82A66E2B1E003B0800D5FAFD /* BKDTSBSolver.cpp */,
				82A66E2C1E003B0800D5FAFD /* BKDTSBSolver.hpp */,
				823641421E00C98B007AE0FD /* GridSBSolver.cpp */,
				823641431E00C98B007AE0FD /* GridSBSolver.hpp */,
				82405F2B1E0C7FDD00028713 /* BKDTGridSBSolver.cpp */,
				82405F2C1E0C7FDD00028713 /* BKDTGridSBSolver.hpp */,
				011CF6B821D711EE0052024D /* UpgradeBKDTGridSBSolver.cpp */,
				011CF6B921D711EE0052024D /* UpgradeBKDTGridSBSolver.hpp */,
				011CF6BE21D91E070052024D /* UniCellBKDTGridSBSolver.cpp */,
				011CF6BF21D91E070052024D /* UniCellBKDTGridSBSolver.hpp */,
			);
			path = cppsrc;
			sourceTree = "<group>";
		};
/* End PBXGroup section */

/* Begin PBXNativeTarget section */
		82A66E1D1E00382500D5FAFD /* 274F16NearestSB */ = {
			isa = PBXNativeTarget;
			buildConfigurationList = 82A66E251E00382500D5FAFD /* Build configuration list for PBXNativeTarget "274F16NearestSB" */;
			buildPhases = (
				82A66E1A1E00382500D5FAFD /* Sources */,
				82A66E1B1E00382500D5FAFD /* Frameworks */,
				82A66E1C1E00382500D5FAFD /* CopyFiles */,
			);
			buildRules = (
				8290F4FF1EAC071000838B00 /* PBXBuildRule */,
			);
			dependencies = (
			);
			name = 274F16NearestSB;
			productName = 274F16NearestSB;
			productReference = 82A66E1E1E00382500D5FAFD /* 274F16NearestSB */;
			productType = "com.apple.product-type.tool";
		};
/* End PBXNativeTarget section */

/* Begin PBXProject section */
		82A66E161E00382500D5FAFD /* Project object */ = {
			isa = PBXProject;
			attributes = {
				LastUpgradeCheck = 1010;
				ORGANIZATIONNAME = "Yunlong Liu";
				TargetAttributes = {
					82A66E1D1E00382500D5FAFD = {
						CreatedOnToolsVersion = 8.2;
						ProvisioningStyle = Automatic;
					};
				};
			};
			buildConfigurationList = 82A66E191E00382500D5FAFD /* Build configuration list for PBXProject "274F16NearestSB" */;
			compatibilityVersion = "Xcode 3.2";
			developmentRegion = English;
			hasScannedForEncodings = 0;
			knownRegions = (
				en,
			);
			mainGroup = 82A66E151E00382500D5FAFD;
			productRefGroup = 82A66E1F1E00382500D5FAFD /* Products */;
			projectDirPath = "";
			projectRoot = "";
			targets = (
				82A66E1D1E00382500D5FAFD /* 274F16NearestSB */,
			);
		};
/* End PBXProject section */

/* Begin PBXSourcesBuildPhase section */
		82A66E1A1E00382500D5FAFD /* Sources */ = {
			isa = PBXSourcesBuildPhase;
			buildActionMask = 2147483647;
			files = (
				82A66E361E003B0800D5FAFD /* KDTSBSolver.cpp in Sources */,
				82A66E351E003B0800D5FAFD /* BKDTSBSolver.cpp in Sources */,
				011CF6BA21D711EE0052024D /* UpgradeBKDTGridSBSolver.cpp in Sources */,
				82405F2D1E0C7FDD00028713 /* BKDTGridSBSolver.cpp in Sources */,
				011CF6C021D91E070052024D /* UniCellBKDTGridSBSolver.cpp in Sources */,
				82A66E371E003B0800D5FAFD /* main.cpp in Sources */,
				823641441E00C98B007AE0FD /* GridSBSolver.cpp in Sources */,
				82A66E341E003B0800D5FAFD /* BFSBSolver.cpp in Sources */,
			);
			runOnlyForDeploymentPostprocessing = 0;
		};
/* End PBXSourcesBuildPhase section */

/* Begin XCBuildConfiguration section */
		82A66E231E00382500D5FAFD /* Debug */ = {
			isa = XCBuildConfiguration;
			buildSettings = {
				ALWAYS_SEARCH_USER_PATHS = NO;
				CLANG_ANALYZER_NONNULL = YES;
				CLANG_CXX_LANGUAGE_STANDARD = "c++17";
				CLANG_CXX_LIBRARY = "libc++";
				CLANG_ENABLE_MODULES = YES;
				CLANG_ENABLE_OBJC_ARC = YES;
				CLANG_WARN_BLOCK_CAPTURE_AUTORELEASING = YES;
				CLANG_WARN_BOOL_CONVERSION = YES;
				CLANG_WARN_COMMA = YES;
				CLANG_WARN_CONSTANT_CONVERSION = YES;
				CLANG_WARN_DEPRECATED_OBJC_IMPLEMENTATIONS = YES;
				CLANG_WARN_DIRECT_OBJC_ISA_USAGE = YES_ERROR;
				CLANG_WARN_DOCUMENTATION_COMMENTS = YES;
				CLANG_WARN_EMPTY_BODY = YES;
				CLANG_WARN_ENUM_CONVERSION = YES;
				CLANG_WARN_INFINITE_RECURSION = YES;
				CLANG_WARN_INT_CONVERSION = YES;
				CLANG_WARN_NON_LITERAL_NULL_CONVERSION = YES;
				CLANG_WARN_OBJC_IMPLICIT_RETAIN_SELF = YES;
				CLANG_WARN_OBJC_LITERAL_CONVERSION = YES;
				CLANG_WARN_OBJC_ROOT_CLASS = YES_ERROR;
				CLANG_WARN_RANGE_LOOP_ANALYSIS = YES;
				CLANG_WARN_STRICT_PROTOTYPES = YES;
				CLANG_WARN_SUSPICIOUS_MOVE = YES;
				CLANG_WARN_UNREACHABLE_CODE = YES;
				CLANG_WARN__DUPLICATE_METHOD_MATCH = YES;
				CODE_SIGN_IDENTITY = "-";
				COPY_PHASE_STRIP = NO;
				DEBUG_INFORMATION_FORMAT = dwarf;
				ENABLE_STRICT_OBJC_MSGSEND = YES;
				ENABLE_TESTABILITY = YES;
				GCC_C_LANGUAGE_STANDARD = gnu99;
				GCC_DYNAMIC_NO_PIC = NO;
				GCC_NO_COMMON_BLOCKS = YES;
				GCC_OPTIMIZATION_LEVEL = 0;
				GCC_PREPROCESSOR_DEFINITIONS = (
					"DEBUG=1",
					"$(inherited)",
				);
				GCC_WARN_64_TO_32_BIT_CONVERSION = YES;
				GCC_WARN_ABOUT_RETURN_TYPE = YES_ERROR;
				GCC_WARN_UNDECLARED_SELECTOR = YES;
				GCC_WARN_UNINITIALIZED_AUTOS = YES_AGGRESSIVE;
				GCC_WARN_UNUSED_FUNCTION = YES;
				GCC_WARN_UNUSED_VARIABLE = YES;
				MACOSX_DEPLOYMENT_TARGET = 10.14;
				MTL_ENABLE_DEBUG_INFO = YES;
				ONLY_ACTIVE_ARCH = YES;
				SDKROOT = macosx;
			};
			name = Debug;
		};
		82A66E241E00382500D5FAFD /* Release */ = {
			isa = XCBuildConfiguration;
			buildSettings = {
				ALWAYS_SEARCH_USER_PATHS = NO;
				CLANG_ANALYZER_NONNULL = YES;
				CLANG_CXX_LANGUAGE_STANDARD = "c++17";
				CLANG_CXX_LIBRARY = "libc++";
				CLANG_ENABLE_MODULES = YES;
				CLANG_ENABLE_OBJC_ARC = YES;
				CLANG_WARN_BLOCK_CAPTURE_AUTORELEASING = YES;
				CLANG_WARN_BOOL_CONVERSION = YES;
				CLANG_WARN_COMMA = YES;
				CLANG_WARN_CONSTANT_CONVERSION = YES;
				CLANG_WARN_DEPRECATED_OBJC_IMPLEMENTATIONS = YES;
				CLANG_WARN_DIRECT_OBJC_ISA_USAGE = YES_ERROR;
				CLANG_WARN_DOCUMENTATION_COMMENTS = YES;
				CLANG_WARN_EMPTY_BODY = YES;
				CLANG_WARN_ENUM_CONVERSION = YES;
				CLANG_WARN_INFINITE_RECURSION = YES;
				CLANG_WARN_INT_CONVERSION = YES;
				CLANG_WARN_NON_LITERAL_NULL_CONVERSION = YES;
				CLANG_WARN_OBJC_IMPLICIT_RETAIN_SELF = YES;
				CLANG_WARN_OBJC_LITERAL_CONVERSION = YES;
				CLANG_WARN_OBJC_ROOT_CLASS = YES_ERROR;
				CLANG_WARN_RANGE_LOOP_ANALYSIS = YES;
				CLANG_WARN_STRICT_PROTOTYPES = YES;
				CLANG_WARN_SUSPICIOUS_MOVE = YES;
				CLANG_WARN_UNREACHABLE_CODE = YES;
				CLANG_WARN__DUPLICATE_METHOD_MATCH = YES;
				CODE_SIGN_IDENTITY = "-";
				COPY_PHASE_STRIP = NO;
				DEBUG_INFORMATION_FORMAT = "dwarf-with-dsym";
				ENABLE_NS_ASSERTIONS = NO;
				ENABLE_STRICT_OBJC_MSGSEND = YES;
				GCC_C_LANGUAGE_STANDARD = gnu99;
				GCC_NO_COMMON_BLOCKS = YES;
				GCC_WARN_64_TO_32_BIT_CONVERSION = YES;
				GCC_WARN_ABOUT_RETURN_TYPE = YES_ERROR;
				GCC_WARN_UNDECLARED_SELECTOR = YES;
				GCC_WARN_UNINITIALIZED_AUTOS = YES_AGGRESSIVE;
				GCC_WARN_UNUSED_FUNCTION = YES;
				GCC_WARN_UNUSED_VARIABLE = YES;
				MACOSX_DEPLOYMENT_TARGET = 10.14;
				MTL_ENABLE_DEBUG_INFO = NO;
				SDKROOT = macosx;
			};
			name = Release;
		};
		82A66E261E00382500D5FAFD /* Debug */ = {
			isa = XCBuildConfiguration;
			buildSettings = {
				CLANG_CXX_LANGUAGE_STANDARD = "c++14";
				PRODUCT_NAME = "$(TARGET_NAME)";
			};
			name = Debug;
		};
		82A66E271E00382500D5FAFD /* Release */ = {
			isa = XCBuildConfiguration;
			buildSettings = {
				CLANG_CXX_LANGUAGE_STANDARD = "c++14";
				PRODUCT_NAME = "$(TARGET_NAME)";
			};
			name = Release;
		};
/* End XCBuildConfiguration section */

/* Begin XCConfigurationList section */
		82A66E191E00382500D5FAFD /* Build configuration list for PBXProject "274F16NearestSB" */ = {
			isa = XCConfigurationList;
			buildConfigurations = (
				82A66E231E00382500D5FAFD /* Debug */,
				82A66E241E00382500D5FAFD /* Release */,
			);
			defaultConfigurationIsVisible = 0;
			defaultConfigurationName = Release;
		};
		82A66E251E00382500D5FAFD /* Build configuration list for PBXNativeTarget "274F16NearestSB" */ = {
			isa = XCConfigurationList;
			buildConfigurations = (
				82A66E261E00382500D5FAFD /* Debug */,
				82A66E271E00382500D5FAFD /* Release */,
			);
			defaultConfigurationIsVisible = 0;
			defaultConfigurationName = Release;
		};
/* End XCConfigurationList section */
	};
	rootObject = 82A66E161E00382500D5FAFD /* Project object */;
}
